
Microsoft Visual Studio Solution File, Format Version 12.00
# Visual Studio Version 17
VisualStudioVersion = 17.2.32616.157
MinimumVisualStudioVersion = 10.0.40219.1
Project("{FAE04EC0-301F-11D3-BF4B-00C04F79EFBC}") = "Send_Delete", "Send_Delete\Send_Delete.csproj", "{67989533-4149-4042-B9E1-1E76EE0F597C}"
EndProject
Global
	GlobalSection(SolutionConfigurationPlatforms) = preSolution
		Debug|Any CPU = Debug|Any CPU
		Release|Any CPU = Release|Any CPU
	EndGlobalSection
	GlobalSection(ProjectConfigurationPlatforms) = postSolution
		{67989533-4149-4042-B9E1-1E76EE0F597C}.Debug|Any CPU.ActiveCfg = Debug|Any CPU
		{67989533-4149-4042-B9E1-1E76EE0F597C}.Debug|Any CPU.Build.0 = Debug|Any CPU
		{67989533-4149-4042-B9E1-1E76EE0F597C}.Release|Any CPU.ActiveCfg = Release|Any CPU
		{67989533-4149-4042-B9E1-1E76EE0F597C}.Release|Any CPU.Build.0 = Release|Any CPU
	EndGlobalSection
	GlobalSection(SolutionProperties) = preSolution
		HideSolutionNode = FALSE
	EndGlobalSection
	GlobalSection(ExtensibilityGlobals) = postSolution
		SolutionGuid = {D9272CC0-DA1E-444B-858C-BEBD908E4196}
	EndGlobalSection
EndGlobal
